Microsoft Visual Studio Solution File, Format Version 12.00
# Visual Studio Version 17
VisualStudioVersion = 17.5.2.0
MinimumVisualStudioVersion = 10.0.40219.1
Project("{FAE04EC0-301F-11D3-BF4B-00C04F79EFBC}") = "TP 1", "TP 1.csproj", "{93BE6F9E-D827-2187-57F1-F4143C2DE75F}"
EndProject
Global
	GlobalSection(SolutionConfigurationPlatforms) = preSolution
		Debug|Any CPU = Debug|Any CPU
		Release|Any CPU = Release|Any CPU
	EndGlobalSection
	GlobalSection(ProjectConfigurationPlatforms) = postSolution
		{93BE6F9E-D827-2187-57F1-F4143C2DE75F}.Debug|Any CPU.ActiveCfg = Debug|Any CPU
		{93BE6F9E-D827-2187-57F1-F4143C2DE75F}.Debug|Any CPU.Build.0 = Debug|Any CPU
		{93BE6F9E-D827-2187-57F1-F4143C2DE75F}.Release|Any CPU.ActiveCfg = Release|Any CPU
		{93BE6F9E-D827-2187-57F1-F4143C2DE75F}.Release|Any CPU.Build.0 = Release|Any CPU
	EndGlobalSection
	GlobalSection(SolutionProperties) = preSolution
		HideSolutionNode = FALSE
	EndGlobalSection
	GlobalSection(ExtensibilityGlobals) = postSolution
		SolutionGuid = {1669CCE9-1189-4EFB-B935-495954643906}
	EndGlobalSection
EndGlobal
